<?xml version="1.0" encoding="utf-8"?>
<Project ToolsVersion="4.0" xmlns="http://schemas.microsoft.com/developer/msbuild/2003">
  <ItemGroup>
    <Filter Include="Tangerine">
      <UniqueIdentifier>{90898541-92da-4020-9222-c14fcc41fa75}</UniqueIdentifier>
    </Filter>
    <Filter Include="Third Party">
      <UniqueIdentifier>{d04cc92c-001e-4e69-8ab6-d9622a6881fa}</UniqueIdentifier>
    </Filter>
    <Filter Include="Third Party\VoxWriter">
      <UniqueIdentifier>{1909941c-30e2-47f0-86ea-e9360c8f2384}</UniqueIdentifier>
    </Filter>
    <Filter Include="Third Party\FMT">
      <UniqueIdentifier>{e4802326-49ff-4dd5-8a0e-144154908484}</UniqueIdentifier>
    </Filter>
  </ItemGroup>
  <ItemGroup>
    <ClCompile Include="..\tangerine\sdfs.cpp">
      <Filter>Tangerine</Filter>
    </ClCompile>
    <ClCompile Include="..\tangerine\profiling.cpp">
      <Filter>Tangerine</Filter>
    </ClCompile>
    <ClCompile Include="..\tangerine\magica.cpp">
      <Filter>Tangerine</Filter>
    </ClCompile>
    <ClCompile Include="..\third_party\voxwriter\VoxWriter.cpp">
      <Filter>Third Party\VoxWriter</Filter>
    </ClCompile>
    <ClCompile Include="..\third_party\fmt\src\format.cc">
      <Filter>Third Party\FMT</Filter>
    </ClCompile>
    <ClCompile Include="..\tangerine\threadpool.cpp">
      <Filter>Tangerine</Filter>
    </ClCompile>
    <ClCompile Include="..\tangerine\export.cpp">
      <Filter>Tangerine</Filter>
    </ClCompile>
    <ClCompile Include="..\tangerine\c_sdf.cpp">
      <Filter>Tangerine</Filter>
    </ClCompile>
  </ItemGroup>
  <ItemGroup>
    <ClInclude Include="..\tangerine\sdfs.h">
      <Filter>Tangerine</Filter>
    </ClInclude>
    <ClInclude Include="..\tangerine\profiling.h">
      <Filter>Tangerine</Filter>
    </ClInclude>
    <ClInclude Include="..\tangerine\extern.h">
      <Filter>Tangerine</Filter>
    </ClInclude>
    <ClInclude Include="..\tangerine\magica.h">
      <Filter>Tangerine</Filter>
    </ClInclude>
    <ClInclude Include="..\third_party\voxwriter\VoxWriter.h">
      <Filter>Third Party\VoxWriter</Filter>
    </ClInclude>
    <ClInclude Include="..\tangerine\threadpool.h">
      <Filter>Tangerine</Filter>
    </ClInclude>
    <ClInclude Include="..\tangerine\export.h">
      <Filter>Tangerine</Filter>
    </ClInclude>
  </ItemGroup>
</Project>