<?xml version="1.0" encoding="utf-8"?>
<Project ToolsVersion="4.0" xmlns="http://schemas.microsoft.com/developer/msbuild/2003">
  <ItemGroup>
    <Filter Include="Third Party">
      <UniqueIdentifier>{4235e133-18c8-46cc-8dff-06f7bed8c229}</UniqueIdentifier>
    </Filter>
    <Filter Include="Third Party\Glad">
      <UniqueIdentifier>{58c3769a-2133-4993-a33b-31c878253c60}</UniqueIdentifier>
    </Filter>
    <Filter Include="Third Party\GLM">
      <UniqueIdentifier>{aa067325-ce41-4fff-824a-ff78a60e4758}</UniqueIdentifier>
    </Filter>
    <Filter Include="Shaders">
      <UniqueIdentifier>{0f091ee7-754e-45f3-aa77-f3e8e764b329}</UniqueIdentifier>
    </Filter>
    <Filter Include="Racket Stuff">
      <UniqueIdentifier>{c9f01ebf-d4c7-444a-80c2-70aacdbf5613}</UniqueIdentifier>
    </Filter>
    <Filter Include="Tangerine">
      <UniqueIdentifier>{f21379a7-75c8-4ee2-9d44-48fa5042a452}</UniqueIdentifier>
    </Filter>
    <Filter Include="Third Party\Dear ImGui">
      <UniqueIdentifier>{509de7cc-1d25-47d7-88fd-b57bbbca7ccd}</UniqueIdentifier>
    </Filter>
    <Filter Include="Materials">
      <UniqueIdentifier>{29dbd6df-6b50-4218-b066-0c8744efd090}</UniqueIdentifier>
    </Filter>
    <Filter Include="Third Party\VoxWriter">
      <UniqueIdentifier>{07bd9ee0-1cb9-431b-931a-8ea3a1e62fac}</UniqueIdentifier>
    </Filter>
    <Filter Include="Third Party\FMT">
      <UniqueIdentifier>{fae911b0-7d59-411a-abf8-7769cd85e687}</UniqueIdentifier>
    </Filter>
    <Filter Include="Third Party\Lua">
      <UniqueIdentifier>{94671579-193f-48be-9e4a-a7e396ae50f1}</UniqueIdentifier>
    </Filter>
    <Filter Include="Tangerine\Runtimes">
      <UniqueIdentifier>{7ff1cde1-a1c8-46c0-a2e2-02aab35614f1}</UniqueIdentifier>
    </Filter>
  </ItemGroup>
  <ItemGroup>
    <ClCompile Include="..\third_party\glad\glad.c">
      <Filter>Third Party\Glad</Filter>
    </ClCompile>
    <ClCompile Include="..\third_party\glad\glad_wgl.c">
      <Filter>Third Party\Glad</Filter>
    </ClCompile>
    <ClCompile Include="..\third_party\imgui\backends\imgui_impl_opengl3.cpp">
      <Filter>Third Party\Dear ImGui</Filter>
    </ClCompile>
    <ClCompile Include="..\third_party\imgui\backends\imgui_impl_sdl.cpp">
      <Filter>Third Party\Dear ImGui</Filter>
    </ClCompile>
    <ClCompile Include="..\tangerine\gl_boilerplate.cpp">
      <Filter>Tangerine</Filter>
    </ClCompile>
    <ClCompile Include="..\tangerine\tangerine.cpp">
      <Filter>Tangerine</Filter>
    </ClCompile>
    <ClCompile Include="..\third_party\imgui\imgui.cpp">
      <Filter>Third Party\Dear ImGui</Filter>
    </ClCompile>
    <ClCompile Include="..\third_party\imgui\imgui_demo.cpp">
      <Filter>Third Party\Dear ImGui</Filter>
    </ClCompile>
    <ClCompile Include="..\third_party\imgui\imgui_draw.cpp">
      <Filter>Third Party\Dear ImGui</Filter>
    </ClCompile>
    <ClCompile Include="..\third_party\imgui\imgui_tables.cpp">
      <Filter>Third Party\Dear ImGui</Filter>
    </ClCompile>
    <ClCompile Include="..\third_party\imgui\imgui_widgets.cpp">
      <Filter>Third Party\Dear ImGui</Filter>
    </ClCompile>
    <ClCompile Include="..\tangerine\export.cpp">
      <Filter>Tangerine</Filter>
    </ClCompile>
    <ClCompile Include="..\tangerine\profiling.cpp">
      <Filter>Tangerine</Filter>
    </ClCompile>
    <ClCompile Include="..\tangerine\shape_compiler.cpp">
      <Filter>Tangerine</Filter>
    </ClCompile>
    <ClCompile Include="..\tangerine\gl_async.cpp">
      <Filter>Tangerine</Filter>
    </ClCompile>
    <ClCompile Include="..\tangerine\magica.cpp">
      <Filter>Tangerine</Filter>
    </ClCompile>
    <ClCompile Include="..\third_party\voxwriter\VoxWriter.cpp">
      <Filter>Third Party\VoxWriter</Filter>
    </ClCompile>
    <ClCompile Include="..\third_party\fmt\src\format.cc">
      <Filter>Third Party\FMT</Filter>
    </ClCompile>
    <ClCompile Include="..\tangerine\threadpool.cpp">
      <Filter>Tangerine</Filter>
    </ClCompile>
    <ClCompile Include="..\tangerine\gl_debug.cpp">
      <Filter>Tangerine</Filter>
    </ClCompile>
    <ClCompile Include="..\third_party\lua-5.4.4\lua\lapi.c">
      <Filter>Third Party\Lua</Filter>
    </ClCompile>
    <ClCompile Include="..\third_party\lua-5.4.4\lua\lauxlib.c">
      <Filter>Third Party\Lua</Filter>
    </ClCompile>
    <ClCompile Include="..\third_party\lua-5.4.4\lua\lbaselib.c">
      <Filter>Third Party\Lua</Filter>
    </ClCompile>
    <ClCompile Include="..\third_party\lua-5.4.4\lua\lcode.c">
      <Filter>Third Party\Lua</Filter>
    </ClCompile>
    <ClCompile Include="..\third_party\lua-5.4.4\lua\lcorolib.c">
      <Filter>Third Party\Lua</Filter>
    </ClCompile>
    <ClCompile Include="..\third_party\lua-5.4.4\lua\lctype.c">
      <Filter>Third Party\Lua</Filter>
    </ClCompile>
    <ClCompile Include="..\third_party\lua-5.4.4\lua\ldblib.c">
      <Filter>Third Party\Lua</Filter>
    </ClCompile>
    <ClCompile Include="..\third_party\lua-5.4.4\lua\ldebug.c">
      <Filter>Third Party\Lua</Filter>
    </ClCompile>
    <ClCompile Include="..\third_party\lua-5.4.4\lua\ldo.c">
      <Filter>Third Party\Lua</Filter>
    </ClCompile>
    <ClCompile Include="..\third_party\lua-5.4.4\lua\ldump.c">
      <Filter>Third Party\Lua</Filter>
    </ClCompile>
    <ClCompile Include="..\third_party\lua-5.4.4\lua\lfunc.c">
      <Filter>Third Party\Lua</Filter>
    </ClCompile>
    <ClCompile Include="..\third_party\lua-5.4.4\lua\lgc.c">
      <Filter>Third Party\Lua</Filter>
    </ClCompile>
    <ClCompile Include="..\third_party\lua-5.4.4\lua\linit.c">
      <Filter>Third Party\Lua</Filter>
    </ClCompile>
    <ClCompile Include="..\third_party\lua-5.4.4\lua\liolib.c">
      <Filter>Third Party\Lua</Filter>
    </ClCompile>
    <ClCompile Include="..\third_party\lua-5.4.4\lua\llex.c">
      <Filter>Third Party\Lua</Filter>
    </ClCompile>
    <ClCompile Include="..\third_party\lua-5.4.4\lua\lmathlib.c">
      <Filter>Third Party\Lua</Filter>
    </ClCompile>
    <ClCompile Include="..\third_party\lua-5.4.4\lua\lmem.c">
      <Filter>Third Party\Lua</Filter>
    </ClCompile>
    <ClCompile Include="..\third_party\lua-5.4.4\lua\loadlib.c">
      <Filter>Third Party\Lua</Filter>
    </ClCompile>
    <ClCompile Include="..\third_party\lua-5.4.4\lua\lobject.c">
      <Filter>Third Party\Lua</Filter>
    </ClCompile>
    <ClCompile Include="..\third_party\lua-5.4.4\lua\lopcodes.c">
      <Filter>Third Party\Lua</Filter>
    </ClCompile>
    <ClCompile Include="..\third_party\lua-5.4.4\lua\loslib.c">
      <Filter>Third Party\Lua</Filter>
    </ClCompile>
    <ClCompile Include="..\third_party\lua-5.4.4\lua\lparser.c">
      <Filter>Third Party\Lua</Filter>
    </ClCompile>
    <ClCompile Include="..\third_party\lua-5.4.4\lua\lstate.c">
      <Filter>Third Party\Lua</Filter>
    </ClCompile>
    <ClCompile Include="..\third_party\lua-5.4.4\lua\lstring.c">
      <Filter>Third Party\Lua</Filter>
    </ClCompile>
    <ClCompile Include="..\third_party\lua-5.4.4\lua\lstrlib.c">
      <Filter>Third Party\Lua</Filter>
    </ClCompile>
    <ClCompile Include="..\third_party\lua-5.4.4\lua\ltable.c">
      <Filter>Third Party\Lua</Filter>
    </ClCompile>
    <ClCompile Include="..\third_party\lua-5.4.4\lua\ltablib.c">
      <Filter>Third Party\Lua</Filter>
    </ClCompile>
    <ClCompile Include="..\third_party\lua-5.4.4\lua\ltm.c">
      <Filter>Third Party\Lua</Filter>
    </ClCompile>
    <ClCompile Include="..\third_party\lua-5.4.4\lua\lundump.c">
      <Filter>Third Party\Lua</Filter>
    </ClCompile>
    <ClCompile Include="..\third_party\lua-5.4.4\lua\lutf8lib.c">
      <Filter>Third Party\Lua</Filter>
    </ClCompile>
    <ClCompile Include="..\third_party\lua-5.4.4\lua\lvm.c">
      <Filter>Third Party\Lua</Filter>
    </ClCompile>
    <ClCompile Include="..\third_party\lua-5.4.4\lua\lzio.c">
      <Filter>Third Party\Lua</Filter>
    </ClCompile>
    <ClCompile Include="..\tangerine\errors.cpp">
      <Filter>Tangerine</Filter>
    </ClCompile>
    <ClCompile Include="..\tangerine\c_sdf.cpp">
      <Filter>Tangerine\Runtimes</Filter>
    </ClCompile>
    <ClCompile Include="..\tangerine\lua_env.cpp">
      <Filter>Tangerine\Runtimes</Filter>
    </ClCompile>
    <ClCompile Include="..\tangerine\lua_sdf.cpp">
      <Filter>Tangerine\Runtimes</Filter>
    </ClCompile>
    <ClCompile Include="..\tangerine\racket_env.cpp">
      <Filter>Tangerine\Runtimes</Filter>
    </ClCompile>
    <ClCompile Include="..\tangerine\colors.cpp">
      <Filter>Tangerine</Filter>
    </ClCompile>
    <ClCompile Include="..\tangerine\sdf_evaluator.cpp">
      <Filter>Tangerine</Filter>
    </ClCompile>
    <ClCompile Include="..\tangerine\sdf_model.cpp">
      <Filter>Tangerine</Filter>
    </ClCompile>
    <ClCompile Include="..\tangerine\sdf_rendering.cpp">
      <Filter>Tangerine</Filter>
    </ClCompile>
    <ClCompile Include="..\tangerine\events.cpp">
      <Filter>Tangerine</Filter>
    </ClCompile>
  </ItemGroup>
  <ItemGroup>
    <ClInclude Include="..\third_party\glad\glad.h">
      <Filter>Third Party\Glad</Filter>
    </ClInclude>
    <ClInclude Include="..\third_party\glad\khrplatform.h">
      <Filter>Third Party\Glad</Filter>
    </ClInclude>
    <ClInclude Include="..\third_party\glm\glm.hpp">
      <Filter>Third Party\GLM</Filter>
    </ClInclude>
    <ClInclude Include="..\third_party\glad\glad_wgl.h">
      <Filter>Third Party\Glad</Filter>
    </ClInclude>
    <ClInclude Include="..\shaders\defines.h">
      <Filter>Shaders</Filter>
    </ClInclude>
    <ClInclude Include="..\third_party\imgui\backends\imgui_impl_opengl3.h">
      <Filter>Third Party\Dear ImGui</Filter>
    </ClInclude>
    <ClInclude Include="..\third_party\imgui\backends\imgui_impl_opengl3_loader.h">
      <Filter>Third Party\Dear ImGui</Filter>
    </ClInclude>
    <ClInclude Include="..\third_party\imgui\backends\imgui_impl_sdl.h">
      <Filter>Third Party\Dear ImGui</Filter>
    </ClInclude>
    <ClInclude Include="..\tangerine\errors.h">
      <Filter>Tangerine</Filter>
    </ClInclude>
    <ClInclude Include="..\tangerine\gl_boilerplate.h">
      <Filter>Tangerine</Filter>
    </ClInclude>
    <ClInclude Include="..\third_party\imgui\imconfig.h">
      <Filter>Third Party\Dear ImGui</Filter>
    </ClInclude>
    <ClInclude Include="..\third_party\imgui\imgui.h">
      <Filter>Third Party\Dear ImGui</Filter>
    </ClInclude>
    <ClInclude Include="..\third_party\imgui\imgui_internal.h">
      <Filter>Third Party\Dear ImGui</Filter>
    </ClInclude>
    <ClInclude Include="..\third_party\imgui\imstb_rectpack.h">
      <Filter>Third Party\Dear ImGui</Filter>
    </ClInclude>
    <ClInclude Include="..\third_party\imgui\imstb_textedit.h">
      <Filter>Third Party\Dear ImGui</Filter>
    </ClInclude>
    <ClInclude Include="..\third_party\imgui\imstb_truetype.h">
      <Filter>Third Party\Dear ImGui</Filter>
    </ClInclude>
    <ClInclude Include="resource.h" />
    <ClInclude Include="..\tangerine\export.h">
      <Filter>Tangerine</Filter>
    </ClInclude>
    <ClInclude Include="..\tangerine\profiling.h">
      <Filter>Tangerine</Filter>
    </ClInclude>
    <ClInclude Include="..\tangerine\shape_compiler.h">
      <Filter>Tangerine</Filter>
    </ClInclude>
    <ClInclude Include="..\tangerine\gl_async.h">
      <Filter>Tangerine</Filter>
    </ClInclude>
    <ClInclude Include="..\tangerine\extern.h">
      <Filter>Tangerine</Filter>
    </ClInclude>
    <ClInclude Include="..\tangerine\magica.h">
      <Filter>Tangerine</Filter>
    </ClInclude>
    <ClInclude Include="..\third_party\voxwriter\VoxWriter.h">
      <Filter>Third Party\VoxWriter</Filter>
    </ClInclude>
    <ClInclude Include="..\tangerine\threadpool.h">
      <Filter>Tangerine</Filter>
    </ClInclude>
    <ClInclude Include="..\tangerine\gl_debug.h">
      <Filter>Tangerine</Filter>
    </ClInclude>
    <ClInclude Include="..\third_party\lua-5.4.4\lua\lapi.h">
      <Filter>Third Party\Lua</Filter>
    </ClInclude>
    <ClInclude Include="..\third_party\lua-5.4.4\lua\lauxlib.h">
      <Filter>Third Party\Lua</Filter>
    </ClInclude>
    <ClInclude Include="..\third_party\lua-5.4.4\lua\lcode.h">
      <Filter>Third Party\Lua</Filter>
    </ClInclude>
    <ClInclude Include="..\third_party\lua-5.4.4\lua\lctype.h">
      <Filter>Third Party\Lua</Filter>
    </ClInclude>
    <ClInclude Include="..\third_party\lua-5.4.4\lua\ldebug.h">
      <Filter>Third Party\Lua</Filter>
    </ClInclude>
    <ClInclude Include="..\third_party\lua-5.4.4\lua\ldo.h">
      <Filter>Third Party\Lua</Filter>
    </ClInclude>
    <ClInclude Include="..\third_party\lua-5.4.4\lua\lfunc.h">
      <Filter>Third Party\Lua</Filter>
    </ClInclude>
    <ClInclude Include="..\third_party\lua-5.4.4\lua\lgc.h">
      <Filter>Third Party\Lua</Filter>
    </ClInclude>
    <ClInclude Include="..\third_party\lua-5.4.4\lua\ljumptab.h">
      <Filter>Third Party\Lua</Filter>
    </ClInclude>
    <ClInclude Include="..\third_party\lua-5.4.4\lua\llex.h">
      <Filter>Third Party\Lua</Filter>
    </ClInclude>
    <ClInclude Include="..\third_party\lua-5.4.4\lua\llimits.h">
      <Filter>Third Party\Lua</Filter>
    </ClInclude>
    <ClInclude Include="..\third_party\lua-5.4.4\lua\lmem.h">
      <Filter>Third Party\Lua</Filter>
    </ClInclude>
    <ClInclude Include="..\third_party\lua-5.4.4\lua\lobject.h">
      <Filter>Third Party\Lua</Filter>
    </ClInclude>
    <ClInclude Include="..\third_party\lua-5.4.4\lua\lopcodes.h">
      <Filter>Third Party\Lua</Filter>
    </ClInclude>
    <ClInclude Include="..\third_party\lua-5.4.4\lua\lopnames.h">
      <Filter>Third Party\Lua</Filter>
    </ClInclude>
    <ClInclude Include="..\third_party\lua-5.4.4\lua\lparser.h">
      <Filter>Third Party\Lua</Filter>
    </ClInclude>
    <ClInclude Include="..\third_party\lua-5.4.4\lua\lprefix.h">
      <Filter>Third Party\Lua</Filter>
    </ClInclude>
    <ClInclude Include="..\third_party\lua-5.4.4\lua\lstate.h">
      <Filter>Third Party\Lua</Filter>
    </ClInclude>
    <ClInclude Include="..\third_party\lua-5.4.4\lua\lstring.h">
      <Filter>Third Party\Lua</Filter>
    </ClInclude>
    <ClInclude Include="..\third_party\lua-5.4.4\lua\ltable.h">
      <Filter>Third Party\Lua</Filter>
    </ClInclude>
    <ClInclude Include="..\third_party\lua-5.4.4\lua\ltm.h">
      <Filter>Third Party\Lua</Filter>
    </ClInclude>
    <ClInclude Include="..\third_party\lua-5.4.4\lua\lua.h">
      <Filter>Third Party\Lua</Filter>
    </ClInclude>
    <ClInclude Include="..\third_party\lua-5.4.4\lua\luaconf.h">
      <Filter>Third Party\Lua</Filter>
    </ClInclude>
    <ClInclude Include="..\third_party\lua-5.4.4\lua\lualib.h">
      <Filter>Third Party\Lua</Filter>
    </ClInclude>
    <ClInclude Include="..\third_party\lua-5.4.4\lua\lundump.h">
      <Filter>Third Party\Lua</Filter>
    </ClInclude>
    <ClInclude Include="..\third_party\lua-5.4.4\lua\lvm.h">
      <Filter>Third Party\Lua</Filter>
    </ClInclude>
    <ClInclude Include="..\third_party\lua-5.4.4\lua\lzio.h">
      <Filter>Third Party\Lua</Filter>
    </ClInclude>
    <ClInclude Include="..\third_party\lua-5.4.4\lua\lua.hpp">
      <Filter>Third Party\Lua</Filter>
    </ClInclude>
    <ClInclude Include="..\tangerine\embedding.h">
      <Filter>Tangerine\Runtimes</Filter>
    </ClInclude>
    <ClInclude Include="..\tangerine\lua_env.h">
      <Filter>Tangerine\Runtimes</Filter>
    </ClInclude>
    <ClInclude Include="..\tangerine\lua_sdf.h">
      <Filter>Tangerine\Runtimes</Filter>
    </ClInclude>
    <ClInclude Include="..\tangerine\racket_env.h">
      <Filter>Tangerine\Runtimes</Filter>
    </ClInclude>
    <ClInclude Include="..\tangerine\tangerine.h">
      <Filter>Tangerine</Filter>
    </ClInclude>
    <ClInclude Include="..\tangerine\colors.h">
      <Filter>Tangerine</Filter>
    </ClInclude>
    <ClInclude Include="..\tangerine\sdf_evaluator.h">
      <Filter>Tangerine</Filter>
    </ClInclude>
    <ClInclude Include="..\tangerine\sdf_model.h">
      <Filter>Tangerine</Filter>
    </ClInclude>
    <ClInclude Include="..\tangerine\sdf_rendering.h">
      <Filter>Tangerine</Filter>
    </ClInclude>
    <ClInclude Include="..\tangerine\events.h">
      <Filter>Tangerine</Filter>
    </ClInclude>
    <ClInclude Include="..\tangerine\glm_common.h">
      <Filter>Tangerine</Filter>
    </ClInclude>
  </ItemGroup>
  <ItemGroup>
    <None Include="..\shaders\math.glsl">
      <Filter>Shaders</Filter>
    </None>
    <None Include="..\shaders\outliner.fs.glsl">
      <Filter>Shaders</Filter>
    </None>
    <None Include="..\shaders\splat.vs.glsl">
      <Filter>Shaders</Filter>
    </None>
    <None Include="..\shaders\tile_heap.glsl">
      <Filter>Shaders</Filter>
    </None>
    <None Include="..\shaders\noise.fs.glsl">
      <Filter>Shaders</Filter>
    </None>
    <None Include="..\regen.bat">
      <Filter>Racket Stuff</Filter>
    </None>
    <None Include="..\shaders\bg.fs.glsl">
      <Filter>Shaders</Filter>
    </None>
    <None Include="..\shaders\cluster_draw.fs.glsl">
      <Filter>Shaders</Filter>
    </None>
    <None Include="..\shaders\cluster_draw.vs.glsl">
      <Filter>Shaders</Filter>
    </None>
    <None Include="..\shaders\gather_depth.cs.glsl">
      <Filter>Shaders</Filter>
    </None>
    <None Include="..\shaders\resolve.fs.glsl">
      <Filter>Shaders</Filter>
    </None>
    <None Include="..\shaders\masked.vs.glsl">
      <Filter>Shaders</Filter>
    </None>
    <None Include="..\materials\red.glsl">
      <Filter>Materials</Filter>
    </None>
    <None Include="..\materials\black.glsl">
      <Filter>Materials</Filter>
    </None>
    <None Include="..\materials\blue.glsl">
      <Filter>Materials</Filter>
    </None>
    <None Include="..\materials\green.glsl">
      <Filter>Materials</Filter>
    </None>
    <None Include="..\materials\white.glsl">
      <Filter>Materials</Filter>
    </None>
    <None Include="..\materials\gray.glsl">
      <Filter>Materials</Filter>
    </None>
    <None Include="..\third_party\racket\lib\libracketcs_da32rk.def">
      <Filter>Racket Stuff</Filter>
    </None>
    <None Include="packages.config" />
    <None Include="..\shaders\interpreter.glsl">
      <Filter>Shaders</Filter>
    </None>
    <None Include="..\third_party\licenses.inl">
      <Filter>Third Party</Filter>
    </None>
    <None Include="..\shaders\octree_debug.fs.glsl">
      <Filter>Shaders</Filter>
    </None>
  </ItemGroup>
  <ItemGroup>
    <ResourceCompile Include="tangerine.rc" />
  </ItemGroup>
  <ItemGroup>
    <Image Include="..\tangerine.ico" />
  </ItemGroup>
</Project>