<?xml version="1.0" encoding="utf-8"?>
<Project ToolsVersion="4.0" xmlns="http://schemas.microsoft.com/developer/msbuild/2003">
  <ItemGroup>
    <Filter Include="Third Party">
      <UniqueIdentifier>{4235e133-18c8-46cc-8dff-06f7bed8c229}</UniqueIdentifier>
    </Filter>
    <Filter Include="Third Party\Glad">
      <UniqueIdentifier>{58c3769a-2133-4993-a33b-31c878253c60}</UniqueIdentifier>
    </Filter>
    <Filter Include="Third Party\GLM">
      <UniqueIdentifier>{aa067325-ce41-4fff-824a-ff78a60e4758}</UniqueIdentifier>
    </Filter>
    <Filter Include="Shaders">
      <UniqueIdentifier>{0f091ee7-754e-45f3-aa77-f3e8e764b329}</UniqueIdentifier>
    </Filter>
    <Filter Include="Racket Stuff">
      <UniqueIdentifier>{c9f01ebf-d4c7-444a-80c2-70aacdbf5613}</UniqueIdentifier>
    </Filter>
    <Filter Include="Tangerine">
      <UniqueIdentifier>{f21379a7-75c8-4ee2-9d44-48fa5042a452}</UniqueIdentifier>
    </Filter>
    <Filter Include="Third Party\Dear ImGui">
      <UniqueIdentifier>{509de7cc-1d25-47d7-88fd-b57bbbca7ccd}</UniqueIdentifier>
    </Filter>
    <Filter Include="Materials">
      <UniqueIdentifier>{29dbd6df-6b50-4218-b066-0c8744efd090}</UniqueIdentifier>
    </Filter>
    <Filter Include="Third Party\VoxWriter">
      <UniqueIdentifier>{07bd9ee0-1cb9-431b-931a-8ea3a1e62fac}</UniqueIdentifier>
    </Filter>
    <Filter Include="Third Party\FMT">
      <UniqueIdentifier>{fae911b0-7d59-411a-abf8-7769cd85e687}</UniqueIdentifier>
    </Filter>
    <Filter Include="Third Party\Wren">
      <UniqueIdentifier>{8f42d10d-6c05-448e-b52e-cd0ac8090871}</UniqueIdentifier>
    </Filter>
    <Filter Include="Third Party\Wren\Include">
      <UniqueIdentifier>{ef119760-b43b-45d3-ad7e-c6fde97ee3e9}</UniqueIdentifier>
    </Filter>
    <Filter Include="Third Party\Wren\VM">
      <UniqueIdentifier>{4731aea3-c6c8-4239-89ec-060ef5526fe5}</UniqueIdentifier>
    </Filter>
    <Filter Include="Third Party\Wren\Optional">
      <UniqueIdentifier>{ef0cdd9e-1581-41b8-a48d-89a554a2dfef}</UniqueIdentifier>
    </Filter>
  </ItemGroup>
  <ItemGroup>
    <ClCompile Include="..\third_party\glad\glad.c">
      <Filter>Third Party\Glad</Filter>
    </ClCompile>
    <ClCompile Include="..\third_party\glad\glad_wgl.c">
      <Filter>Third Party\Glad</Filter>
    </ClCompile>
    <ClCompile Include="..\third_party\imgui\backends\imgui_impl_opengl3.cpp">
      <Filter>Third Party\Dear ImGui</Filter>
    </ClCompile>
    <ClCompile Include="..\third_party\imgui\backends\imgui_impl_sdl.cpp">
      <Filter>Third Party\Dear ImGui</Filter>
    </ClCompile>
    <ClCompile Include="..\tangerine\gl_boilerplate.cpp">
      <Filter>Tangerine</Filter>
    </ClCompile>
    <ClCompile Include="..\tangerine\tangerine.cpp">
      <Filter>Tangerine</Filter>
    </ClCompile>
    <ClCompile Include="..\third_party\imgui\imgui.cpp">
      <Filter>Third Party\Dear ImGui</Filter>
    </ClCompile>
    <ClCompile Include="..\third_party\imgui\imgui_demo.cpp">
      <Filter>Third Party\Dear ImGui</Filter>
    </ClCompile>
    <ClCompile Include="..\third_party\imgui\imgui_draw.cpp">
      <Filter>Third Party\Dear ImGui</Filter>
    </ClCompile>
    <ClCompile Include="..\third_party\imgui\imgui_tables.cpp">
      <Filter>Third Party\Dear ImGui</Filter>
    </ClCompile>
    <ClCompile Include="..\third_party\imgui\imgui_widgets.cpp">
      <Filter>Third Party\Dear ImGui</Filter>
    </ClCompile>
    <ClCompile Include="..\tangerine\sdfs.cpp">
      <Filter>Tangerine</Filter>
    </ClCompile>
    <ClCompile Include="..\tangerine\export.cpp">
      <Filter>Tangerine</Filter>
    </ClCompile>
    <ClCompile Include="..\tangerine\profiling.cpp">
      <Filter>Tangerine</Filter>
    </ClCompile>
    <ClCompile Include="..\tangerine\shape_compiler.cpp">
      <Filter>Tangerine</Filter>
    </ClCompile>
    <ClCompile Include="..\tangerine\gl_async.cpp">
      <Filter>Tangerine</Filter>
    </ClCompile>
    <ClCompile Include="..\tangerine\magica.cpp">
      <Filter>Tangerine</Filter>
    </ClCompile>
    <ClCompile Include="..\third_party\voxwriter\VoxWriter.cpp">
      <Filter>Third Party\VoxWriter</Filter>
    </ClCompile>
    <ClCompile Include="..\third_party\fmt\src\format.cc">
      <Filter>Third Party\FMT</Filter>
    </ClCompile>
    <ClCompile Include="..\tangerine\threadpool.cpp">
      <Filter>Tangerine</Filter>
    </ClCompile>
    <ClCompile Include="..\tangerine\gl_debug.cpp">
      <Filter>Tangerine</Filter>
    </ClCompile>
    <ClCompile Include="..\third_party\wren\src\optional\wren_opt_meta.c">
      <Filter>Third Party\Wren\Optional</Filter>
    </ClCompile>
    <ClCompile Include="..\third_party\wren\src\optional\wren_opt_random.c">
      <Filter>Third Party\Wren\Optional</Filter>
    </ClCompile>
    <ClCompile Include="..\third_party\wren\src\vm\wren_compiler.c">
      <Filter>Third Party\Wren\VM</Filter>
    </ClCompile>
    <ClCompile Include="..\third_party\wren\src\vm\wren_core.c">
      <Filter>Third Party\Wren\VM</Filter>
    </ClCompile>
    <ClCompile Include="..\third_party\wren\src\vm\wren_debug.c">
      <Filter>Third Party\Wren\VM</Filter>
    </ClCompile>
    <ClCompile Include="..\third_party\wren\src\vm\wren_primitive.c">
      <Filter>Third Party\Wren\VM</Filter>
    </ClCompile>
    <ClCompile Include="..\third_party\wren\src\vm\wren_utils.c">
      <Filter>Third Party\Wren\VM</Filter>
    </ClCompile>
    <ClCompile Include="..\third_party\wren\src\vm\wren_value.c">
      <Filter>Third Party\Wren\VM</Filter>
    </ClCompile>
    <ClCompile Include="..\third_party\wren\src\vm\wren_vm.c">
      <Filter>Third Party\Wren\VM</Filter>
    </ClCompile>
  </ItemGroup>
  <ItemGroup>
    <ClInclude Include="..\third_party\glad\glad.h">
      <Filter>Third Party\Glad</Filter>
    </ClInclude>
    <ClInclude Include="..\third_party\glad\khrplatform.h">
      <Filter>Third Party\Glad</Filter>
    </ClInclude>
    <ClInclude Include="..\third_party\glm\glm.hpp">
      <Filter>Third Party\GLM</Filter>
    </ClInclude>
    <ClInclude Include="..\third_party\glad\glad_wgl.h">
      <Filter>Third Party\Glad</Filter>
    </ClInclude>
    <ClInclude Include="..\shaders\defines.h">
      <Filter>Shaders</Filter>
    </ClInclude>
    <ClInclude Include="..\third_party\imgui\backends\imgui_impl_opengl3.h">
      <Filter>Third Party\Dear ImGui</Filter>
    </ClInclude>
    <ClInclude Include="..\third_party\imgui\backends\imgui_impl_opengl3_loader.h">
      <Filter>Third Party\Dear ImGui</Filter>
    </ClInclude>
    <ClInclude Include="..\third_party\imgui\backends\imgui_impl_sdl.h">
      <Filter>Third Party\Dear ImGui</Filter>
    </ClInclude>
    <ClInclude Include="..\tangerine\errors.h">
      <Filter>Tangerine</Filter>
    </ClInclude>
    <ClInclude Include="..\tangerine\gl_boilerplate.h">
      <Filter>Tangerine</Filter>
    </ClInclude>
    <ClInclude Include="..\third_party\imgui\imconfig.h">
      <Filter>Third Party\Dear ImGui</Filter>
    </ClInclude>
    <ClInclude Include="..\third_party\imgui\imgui.h">
      <Filter>Third Party\Dear ImGui</Filter>
    </ClInclude>
    <ClInclude Include="..\third_party\imgui\imgui_internal.h">
      <Filter>Third Party\Dear ImGui</Filter>
    </ClInclude>
    <ClInclude Include="..\third_party\imgui\imstb_rectpack.h">
      <Filter>Third Party\Dear ImGui</Filter>
    </ClInclude>
    <ClInclude Include="..\third_party\imgui\imstb_textedit.h">
      <Filter>Third Party\Dear ImGui</Filter>
    </ClInclude>
    <ClInclude Include="..\third_party\imgui\imstb_truetype.h">
      <Filter>Third Party\Dear ImGui</Filter>
    </ClInclude>
    <ClInclude Include="resource.h" />
    <ClInclude Include="..\tangerine\sdfs.h">
      <Filter>Tangerine</Filter>
    </ClInclude>
    <ClInclude Include="..\tangerine\export.h">
      <Filter>Tangerine</Filter>
    </ClInclude>
    <ClInclude Include="..\tangerine\profiling.h">
      <Filter>Tangerine</Filter>
    </ClInclude>
    <ClInclude Include="..\tangerine\shape_compiler.h">
      <Filter>Tangerine</Filter>
    </ClInclude>
    <ClInclude Include="..\tangerine\gl_async.h">
      <Filter>Tangerine</Filter>
    </ClInclude>
    <ClInclude Include="..\tangerine\extern.h">
      <Filter>Tangerine</Filter>
    </ClInclude>
    <ClInclude Include="..\tangerine\magica.h">
      <Filter>Tangerine</Filter>
    </ClInclude>
    <ClInclude Include="..\third_party\voxwriter\VoxWriter.h">
      <Filter>Third Party\VoxWriter</Filter>
    </ClInclude>
    <ClInclude Include="..\tangerine\threadpool.h">
      <Filter>Tangerine</Filter>
    </ClInclude>
    <ClInclude Include="..\tangerine\gl_debug.h">
      <Filter>Tangerine</Filter>
    </ClInclude>
    <ClInclude Include="..\third_party\wren\src\include\wren.h">
      <Filter>Third Party\Wren\Include</Filter>
    </ClInclude>
    <ClInclude Include="..\third_party\wren\src\include\wren.hpp">
      <Filter>Third Party\Wren\Include</Filter>
    </ClInclude>
    <ClInclude Include="..\third_party\wren\src\optional\wren_opt_meta.h">
      <Filter>Third Party\Wren\Optional</Filter>
    </ClInclude>
    <ClInclude Include="..\third_party\wren\src\optional\wren_opt_random.h">
      <Filter>Third Party\Wren\Optional</Filter>
    </ClInclude>
    <ClInclude Include="..\third_party\wren\src\vm\wren_common.h">
      <Filter>Third Party\Wren\VM</Filter>
    </ClInclude>
    <ClInclude Include="..\third_party\wren\src\vm\wren_compiler.h">
      <Filter>Third Party\Wren\VM</Filter>
    </ClInclude>
    <ClInclude Include="..\third_party\wren\src\vm\wren_core.h">
      <Filter>Third Party\Wren\VM</Filter>
    </ClInclude>
    <ClInclude Include="..\third_party\wren\src\vm\wren_debug.h">
      <Filter>Third Party\Wren\VM</Filter>
    </ClInclude>
    <ClInclude Include="..\third_party\wren\src\vm\wren_math.h">
      <Filter>Third Party\Wren\VM</Filter>
    </ClInclude>
    <ClInclude Include="..\third_party\wren\src\vm\wren_opcodes.h">
      <Filter>Third Party\Wren\VM</Filter>
    </ClInclude>
    <ClInclude Include="..\third_party\wren\src\vm\wren_primitive.h">
      <Filter>Third Party\Wren\VM</Filter>
    </ClInclude>
    <ClInclude Include="..\third_party\wren\src\vm\wren_utils.h">
      <Filter>Third Party\Wren\VM</Filter>
    </ClInclude>
    <ClInclude Include="..\third_party\wren\src\vm\wren_value.h">
      <Filter>Third Party\Wren\VM</Filter>
    </ClInclude>
    <ClInclude Include="..\third_party\wren\src\vm\wren_vm.h">
      <Filter>Third Party\Wren\VM</Filter>
    </ClInclude>
  </ItemGroup>
  <ItemGroup>
    <None Include="..\shaders\math.glsl">
      <Filter>Shaders</Filter>
    </None>
    <None Include="..\shaders\outliner.fs.glsl">
      <Filter>Shaders</Filter>
    </None>
    <None Include="..\shaders\splat.vs.glsl">
      <Filter>Shaders</Filter>
    </None>
    <None Include="..\shaders\tile_heap.glsl">
      <Filter>Shaders</Filter>
    </None>
    <None Include="..\shaders\noise.fs.glsl">
      <Filter>Shaders</Filter>
    </None>
    <None Include="..\regen.bat">
      <Filter>Racket Stuff</Filter>
    </None>
    <None Include="..\shaders\bg.fs.glsl">
      <Filter>Shaders</Filter>
    </None>
    <None Include="..\shaders\cluster_draw.fs.glsl">
      <Filter>Shaders</Filter>
    </None>
    <None Include="..\shaders\cluster_draw.vs.glsl">
      <Filter>Shaders</Filter>
    </None>
    <None Include="..\shaders\gather_depth.cs.glsl">
      <Filter>Shaders</Filter>
    </None>
    <None Include="..\shaders\resolve_stencil.fs.glsl">
      <Filter>Shaders</Filter>
    </None>
    <None Include="..\shaders\resolve.fs.glsl">
      <Filter>Shaders</Filter>
    </None>
    <None Include="..\shaders\masked.vs.glsl">
      <Filter>Shaders</Filter>
    </None>
    <None Include="..\materials\red.glsl">
      <Filter>Materials</Filter>
    </None>
    <None Include="..\materials\black.glsl">
      <Filter>Materials</Filter>
    </None>
    <None Include="..\materials\blue.glsl">
      <Filter>Materials</Filter>
    </None>
    <None Include="..\materials\green.glsl">
      <Filter>Materials</Filter>
    </None>
    <None Include="..\materials\white.glsl">
      <Filter>Materials</Filter>
    </None>
    <None Include="..\materials\gray.glsl">
      <Filter>Materials</Filter>
    </None>
    <None Include="..\third_party\racket\lib\libracketcs_da32rk.def">
      <Filter>Racket Stuff</Filter>
    </None>
    <None Include="packages.config" />
    <None Include="..\third_party\wren\src\optional\wren_opt_meta.wren">
      <Filter>Third Party\Wren\Optional</Filter>
    </None>
    <None Include="..\third_party\wren\src\optional\wren_opt_meta.wren.inc">
      <Filter>Third Party\Wren\Optional</Filter>
    </None>
    <None Include="..\third_party\wren\src\optional\wren_opt_random.wren">
      <Filter>Third Party\Wren\Optional</Filter>
    </None>
    <None Include="..\third_party\wren\src\optional\wren_opt_random.wren.inc">
      <Filter>Third Party\Wren\Optional</Filter>
    </None>
    <None Include="..\third_party\wren\src\vm\wren_core.wren">
      <Filter>Third Party\Wren\VM</Filter>
    </None>
    <None Include="..\third_party\wren\src\vm\wren_core.wren.inc">
      <Filter>Third Party\Wren\VM</Filter>
    </None>
  </ItemGroup>
  <ItemGroup>
    <ResourceCompile Include="tangerine.rc" />
  </ItemGroup>
  <ItemGroup>
    <Image Include="..\tangerine.ico" />
  </ItemGroup>
</Project>